<?xml version="1.0" encoding="utf-8"?>
<Project ToolsVersion="4.0" xmlns="http://schemas.microsoft.com/developer/msbuild/2003">
  <ItemGroup>
    <Filter Include="Source Files">
      <UniqueIdentifier>{4FC737F1-C7A5-4376-A066-2A32D752A2FF}</UniqueIdentifier>
      <Extensions>cpp;c;cc;cxx;def;odl;idl;hpj;bat;asm;asmx</Extensions>
    </Filter>
    <Filter Include="Resource Files">
      <UniqueIdentifier>{67DA6AB6-F800-4c08-8B7A-83BB121AAD01}</UniqueIdentifier>
      <Extensions>rc;ico;cur;bmp;dlg;rc2;rct;bin;rgs;gif;jpg;jpeg;jpe;resx;tiff;tif;png;wav;mfcribbon-ms</Extensions>
    </Filter>
    <Filter Include="Source Files\fe">
      <UniqueIdentifier>{201a128b-a669-4f6f-8bb8-dc3f1f7a921c}</UniqueIdentifier>
    </Filter>
    <Filter Include="Source Files\fe\data">
      <UniqueIdentifier>{4daa90e2-78bc-4f8f-8bac-378becc88020}</UniqueIdentifier>
    </Filter>
    <Filter Include="Source Files\fe\pipeline">
      <UniqueIdentifier>{8aacbe17-1c1f-4b03-a529-fe01fa3e41cd}</UniqueIdentifier>
    </Filter>
    <Filter Include="Source Files\tests">
      <UniqueIdentifier>{0c93d3ae-ca03-48db-a348-b87fc31b6c6a}</UniqueIdentifier>
    </Filter>
    <Filter Include="Source Files\tests\fe">
      <UniqueIdentifier>{4e95b8f4-7cf0-4a8e-bd9e-eaa05ca6722d}</UniqueIdentifier>
    </Filter>
    <Filter Include="Source Files\tests\tools">
      <UniqueIdentifier>{41aecb1a-45c3-4599-9406-1a69c228a146}</UniqueIdentifier>
    </Filter>
    <Filter Include="Source Files\fe\modes">
      <UniqueIdentifier>{20b41d34-941f-405b-8bbf-af897becab04}</UniqueIdentifier>
    </Filter>
    <Filter Include="Source Files\utils">
      <UniqueIdentifier>{0160b383-9719-4722-a120-3d409021331a}</UniqueIdentifier>
    </Filter>
    <Filter Include="Source Files\utils\lexing">
      <UniqueIdentifier>{1f5f131c-f15b-4674-9733-58cafffbdacb}</UniqueIdentifier>
    </Filter>
    <Filter Include="Source Files\utils\parsing">
      <UniqueIdentifier>{3fe32d4b-5211-4950-9e6e-2b0881877c31}</UniqueIdentifier>
    </Filter>
    <Filter Include="Source Files\utils\reading">
      <UniqueIdentifier>{1a9e7d7d-b9d0-4009-9ed9-d8cb993fdfee}</UniqueIdentifier>
    </Filter>
    <Filter Include="Source Files\fe\libraries">
      <UniqueIdentifier>{b6786af6-755c-4594-9866-730840718fef}</UniqueIdentifier>
    </Filter>
    <Filter Include="Source Files\fe\libraries\std">
      <UniqueIdentifier>{12f383be-618f-4276-9927-7c0765a055ef}</UniqueIdentifier>
    </Filter>
    <Filter Include="Source Files\fe\libraries\language">
      <UniqueIdentifier>{09b0ec37-1ac6-44ad-979b-d7325c3f8c20}</UniqueIdentifier>
    </Filter>
    <Filter Include="Source Files\fe\libraries\core">
      <UniqueIdentifier>{d757ac8a-8534-4f2f-9e99-1574bfd48cef}</UniqueIdentifier>
    </Filter>
    <Filter Include="Resource Files\snippets">
      <UniqueIdentifier>{9e9feb0e-a547-4a57-bd90-2ebc58caa34c}</UniqueIdentifier>
    </Filter>
    <Filter Include="Resource Files\snippets\project">
      <UniqueIdentifier>{da177d42-7c82-4372-9f4a-0ef4b0669307}</UniqueIdentifier>
    </Filter>
  </ItemGroup>
  <ItemGroup>
    <None Include="snippets\project\sub_module.fe">
      <Filter>Resource Files\snippets\project</Filter>
    </None>
    <None Include="snippets\project\test.fe">
      <Filter>Resource Files\snippets\project</Filter>
    </None>
    <None Include="snippets\project\modeling_module.fe">
      <Filter>Resource Files\snippets\project</Filter>
    </None>
  </ItemGroup>
  <ItemGroup>
    <ClCompile Include="src\main.cpp">
      <Filter>Source Files</Filter>
    </ClCompile>
    <ClCompile Include="src\fe\data\core_ast.cpp">
      <Filter>Source Files\fe\data</Filter>
    </ClCompile>
    <ClCompile Include="src\fe\data\extended_ast.cpp">
      <Filter>Source Files\fe\data</Filter>
    </ClCompile>
    <ClCompile Include="src\fe\data\types.cpp">
      <Filter>Source Files\fe\data</Filter>
    </ClCompile>
    <ClCompile Include="src\fe\data\values.cpp">
      <Filter>Source Files\fe\data</Filter>
    </ClCompile>
    <ClCompile Include="src\tools\ll_parser.cpp">
      <Filter>Source Files\utils\parsing</Filter>
    </ClCompile>
    <ClCompile Include="src\tools\lr_parser.cpp">
      <Filter>Source Files\utils\parsing</Filter>
    </ClCompile>
  </ItemGroup>
  <ItemGroup>
    <ClInclude Include="include\fe\data\core_ast.h">
      <Filter>Source Files\fe\data</Filter>
    </ClInclude>
    <ClInclude Include="include\fe\data\extended_ast.h">
      <Filter>Source Files\fe\data</Filter>
    </ClInclude>
    <ClInclude Include="include\fe\data\runtime_environment.h">
      <Filter>Source Files\fe\data</Filter>
    </ClInclude>
    <ClInclude Include="include\fe\data\typecheck_environment.h">
      <Filter>Source Files\fe\data</Filter>
    </ClInclude>
    <ClInclude Include="include\fe\data\types.h">
      <Filter>Source Files\fe\data</Filter>
    </ClInclude>
    <ClInclude Include="include\fe\data\values.h">
      <Filter>Source Files\fe\data</Filter>
    </ClInclude>
    <ClInclude Include="include\fe\modes\module.h">
      <Filter>Source Files\fe\modes</Filter>
    </ClInclude>
    <ClInclude Include="include\fe\modes\project.h">
      <Filter>Source Files\fe\modes</Filter>
    </ClInclude>
    <ClInclude Include="include\fe\modes\repl.h">
      <Filter>Source Files\fe\modes</Filter>
    </ClInclude>
    <ClInclude Include="include\fe\pipeline\cst_to_ast_stage.h">
      <Filter>Source Files\fe\pipeline</Filter>
    </ClInclude>
    <ClInclude Include="include\fe\pipeline\error.h">
      <Filter>Source Files\fe\pipeline</Filter>
    </ClInclude>
    <ClInclude Include="include\fe\pipeline\interpreting_stage.h">
      <Filter>Source Files\fe\pipeline</Filter>
    </ClInclude>
    <ClInclude Include="include\fe\pipeline\lexer_stage.h">
      <Filter>Source Files\fe\pipeline</Filter>
    </ClInclude>
    <ClInclude Include="include\fe\pipeline\lexer_to_parser_stage.h">
      <Filter>Source Files\fe\pipeline</Filter>
    </ClInclude>
    <ClInclude Include="include\fe\pipeline\lowering_stage.h">
      <Filter>Source Files\fe\pipeline</Filter>
    </ClInclude>
    <ClInclude Include="include\fe\pipeline\parser_stage.h">
      <Filter>Source Files\fe\pipeline</Filter>
    </ClInclude>
    <ClInclude Include="include\fe\pipeline\pipeline.h">
      <Filter>Source Files\fe\pipeline</Filter>
    </ClInclude>
    <ClInclude Include="include\fe\pipeline\typechecker_stage.h">
      <Filter>Source Files\fe\pipeline</Filter>
    </ClInclude>
    <ClInclude Include="include\fe\language_definition.h">
      <Filter>Source Files\fe</Filter>
    </ClInclude>
    <ClInclude Include="include\tests\fe\typecheck_env_tests.h">
      <Filter>Source Files\tests\fe</Filter>
    </ClInclude>
    <ClInclude Include="include\tests\tools\grammar_tests.h">
      <Filter>Source Files\tests\tools</Filter>
    </ClInclude>
    <ClInclude Include="include\tests\tools\performance_tests.h">
      <Filter>Source Files\tests\tools</Filter>
    </ClInclude>
    <ClInclude Include="include\fe\libraries\std\std_ui.h">
      <Filter>Source Files\fe\libraries\std</Filter>
    </ClInclude>
    <ClInclude Include="include\fe\libraries\std\std_types.h">
      <Filter>Source Files\fe\libraries\std</Filter>
    </ClInclude>
    <ClInclude Include="include\fe\libraries\std\std_output.h">
      <Filter>Source Files\fe\libraries\std</Filter>
    </ClInclude>
    <ClInclude Include="include\fe\libraries\std\std_input.h">
      <Filter>Source Files\fe\libraries\std</Filter>
    </ClInclude>
    <ClInclude Include="include\fe\libraries\core\core_operations.h">
      <Filter>Source Files\fe\libraries\core</Filter>
    </ClInclude>
    <ClInclude Include="include\fe\libraries\language\language_module.h">
      <Filter>Source Files\fe\libraries\language</Filter>
    </ClInclude>
    <ClInclude Include="include\utils\lexing\lexer.h">
      <Filter>Source Files\utils\lexing</Filter>
    </ClInclude>
    <ClInclude Include="include\utils\reading\reader.h">
      <Filter>Source Files\utils\reading</Filter>
    </ClInclude>
    <ClInclude Include="include\utils\parsing\bnf_grammar.h">
      <Filter>Source Files\utils\parsing</Filter>
    </ClInclude>
    <ClInclude Include="include\utils\parsing\bnf_parser.h">
      <Filter>Source Files\utils\parsing</Filter>
    </ClInclude>
    <ClInclude Include="include\utils\parsing\ebnf_parser.h">
      <Filter>Source Files\utils\parsing</Filter>
    </ClInclude>
    <ClInclude Include="include\utils\parsing\ebnfe_parser.h">
      <Filter>Source Files\utils\parsing</Filter>
    </ClInclude>
    <ClInclude Include="include\utils\parsing\ll_parser.h">
      <Filter>Source Files\utils\parsing</Filter>
    </ClInclude>
    <ClInclude Include="include\utils\parsing\parser.h">
      <Filter>Source Files\utils\parsing</Filter>
    </ClInclude>
    <ClInclude Include="include\utils\parsing\lr_parser.h">
      <Filter>Source Files\utils\parsing</Filter>
    </ClInclude>
    <ClInclude Include="include\tests\tools\lr_tests.h">
      <Filter>Source Files\tests\tools</Filter>
    </ClInclude>
    <ClInclude Include="include\tests\tests.h">
      <Filter>Source Files\tests</Filter>
    </ClInclude>
    <ClInclude Include="include\tests\fe\destructuring_tests.h">
      <Filter>Source Files\tests\fe</Filter>
    </ClInclude>
  </ItemGroup>
</Project>