<?xml version="1.0" encoding="utf-8"?>
<Project ToolsVersion="4.0" xmlns="http://schemas.microsoft.com/developer/msbuild/2003">
  <ItemGroup>
    <Filter Include="Source Files">
      <UniqueIdentifier>{4FC737F1-C7A5-4376-A066-2A32D752A2FF}</UniqueIdentifier>
      <Extensions>cpp;c;cc;cxx;def;odl;idl;hpj;bat;asm;asmx</Extensions>
    </Filter>
    <Filter Include="Resource Files">
      <UniqueIdentifier>{67DA6AB6-F800-4c08-8B7A-83BB121AAD01}</UniqueIdentifier>
      <Extensions>rc;ico;cur;bmp;dlg;rc2;rct;bin;rgs;gif;jpg;jpeg;jpe;resx;tiff;tif;png;wav;mfcribbon-ms</Extensions>
    </Filter>
    <Filter Include="Source Files\tools">
      <UniqueIdentifier>{0160b383-9719-4722-a120-3d409021331a}</UniqueIdentifier>
    </Filter>
    <Filter Include="Source Files\tools\lexing">
      <UniqueIdentifier>{1f5f131c-f15b-4674-9733-58cafffbdacb}</UniqueIdentifier>
    </Filter>
    <Filter Include="Source Files\tools\compilation">
      <UniqueIdentifier>{28d1ee4c-d654-4a6e-a8e4-f40e85ea1887}</UniqueIdentifier>
    </Filter>
    <Filter Include="Source Files\tools\parsing">
      <UniqueIdentifier>{3fe32d4b-5211-4950-9e6e-2b0881877c31}</UniqueIdentifier>
    </Filter>
    <Filter Include="Source Files\fe">
      <UniqueIdentifier>{201a128b-a669-4f6f-8bb8-dc3f1f7a921c}</UniqueIdentifier>
    </Filter>
    <Filter Include="Source Files\fe\data">
      <UniqueIdentifier>{4daa90e2-78bc-4f8f-8bac-378becc88020}</UniqueIdentifier>
    </Filter>
    <Filter Include="Source Files\fe\pipeline">
      <UniqueIdentifier>{8aacbe17-1c1f-4b03-a529-fe01fa3e41cd}</UniqueIdentifier>
    </Filter>
    <Filter Include="Source Files\library">
      <UniqueIdentifier>{b6786af6-755c-4594-9866-730840718fef}</UniqueIdentifier>
    </Filter>
    <Filter Include="Source Files\library\std">
      <UniqueIdentifier>{12f383be-618f-4276-9927-7c0765a055ef}</UniqueIdentifier>
    </Filter>
    <Filter Include="Source Files\library\language">
      <UniqueIdentifier>{09b0ec37-1ac6-44ad-979b-d7325c3f8c20}</UniqueIdentifier>
    </Filter>
    <Filter Include="Source Files\library\core">
      <UniqueIdentifier>{d757ac8a-8534-4f2f-9e99-1574bfd48cef}</UniqueIdentifier>
    </Filter>
    <Filter Include="Source Files\tools\files">
      <UniqueIdentifier>{be0ab643-ac95-4b90-86a9-f3e4d15c919d}</UniqueIdentifier>
    </Filter>
    <Filter Include="Source Files\tests">
      <UniqueIdentifier>{0c93d3ae-ca03-48db-a348-b87fc31b6c6a}</UniqueIdentifier>
    </Filter>
    <Filter Include="Source Files\tests\fe">
      <UniqueIdentifier>{4e95b8f4-7cf0-4a8e-bd9e-eaa05ca6722d}</UniqueIdentifier>
    </Filter>
    <Filter Include="Source Files\tests\fe\data">
      <UniqueIdentifier>{2f104b29-8e23-42a2-8886-85e5623a8376}</UniqueIdentifier>
    </Filter>
    <Filter Include="Source Files\tests\fe\pipeline">
      <UniqueIdentifier>{300eaeb5-57dd-4f33-93d1-ec8f8fece721}</UniqueIdentifier>
    </Filter>
    <Filter Include="Source Files\tests\tools">
      <UniqueIdentifier>{41aecb1a-45c3-4599-9406-1a69c228a146}</UniqueIdentifier>
    </Filter>
    <Filter Include="Source Files\tests\tools\compilation">
      <UniqueIdentifier>{b01d3415-f994-4aa2-8f24-be06b427774f}</UniqueIdentifier>
    </Filter>
    <Filter Include="Source Files\tests\tools\lexing">
      <UniqueIdentifier>{97d6f300-48f8-45fc-b8fe-310fc4a882b4}</UniqueIdentifier>
    </Filter>
    <Filter Include="Source Files\tests\tools\parsing">
      <UniqueIdentifier>{ffb901a3-576a-4b9a-80f0-3fcc8ed842d7}</UniqueIdentifier>
    </Filter>
  </ItemGroup>
  <ItemGroup>
    <None Include="snippets\test.fe">
      <Filter>Resource Files</Filter>
    </None>
    <None Include="snippets\grammar_extension.fe">
      <Filter>Resource Files</Filter>
    </None>
    <None Include="snippets\testing.fe">
      <Filter>Resource Files</Filter>
    </None>
    <None Include="snippets\modeling_module.fe">
      <Filter>Resource Files</Filter>
    </None>
  </ItemGroup>
  <ItemGroup>
    <ClCompile Include="src\main.cpp">
      <Filter>Source Files</Filter>
    </ClCompile>
    <ClCompile Include="src\bnf_parser.cpp">
      <Filter>Source Files\tools\parsing</Filter>
    </ClCompile>
    <ClCompile Include="src\values.cpp">
      <Filter>Source Files\fe\data</Filter>
    </ClCompile>
    <ClCompile Include="src\core_ast.cpp">
      <Filter>Source Files\fe\data</Filter>
    </ClCompile>
    <ClCompile Include="src\types.cpp">
      <Filter>Source Files\fe\data</Filter>
    </ClCompile>
    <ClCompile Include="include\std_input.h">
      <Filter>Source Files\library\std</Filter>
    </ClCompile>
    <ClCompile Include="src\extended_ast.cpp">
      <Filter>Source Files\fe\data</Filter>
    </ClCompile>
  </ItemGroup>
  <ItemGroup>
    <ClInclude Include="include\lexer.h">
      <Filter>Source Files\tools\lexing</Filter>
    </ClInclude>
    <ClInclude Include="include\bnf_parser.h">
      <Filter>Source Files\tools\parsing</Filter>
    </ClInclude>
    <ClInclude Include="include\ebnf_parser.h">
      <Filter>Source Files\tools\parsing</Filter>
    </ClInclude>
    <ClInclude Include="include\ebnfe_parser.h">
      <Filter>Source Files\tools\parsing</Filter>
    </ClInclude>
    <ClInclude Include="include\values.h">
      <Filter>Source Files\fe\data</Filter>
    </ClInclude>
    <ClInclude Include="include\types.h">
      <Filter>Source Files\fe\data</Filter>
    </ClInclude>
    <ClInclude Include="include\core_ast.h">
      <Filter>Source Files\fe\data</Filter>
    </ClInclude>
    <ClInclude Include="include\extended_ast.h">
      <Filter>Source Files\fe\data</Filter>
    </ClInclude>
    <ClInclude Include="include\typechecker_stage.h">
      <Filter>Source Files\fe\pipeline</Filter>
    </ClInclude>
    <ClInclude Include="include\interpreting_stage.h">
      <Filter>Source Files\fe\pipeline</Filter>
    </ClInclude>
    <ClInclude Include="include\lexer_stage.h">
      <Filter>Source Files\fe\pipeline</Filter>
    </ClInclude>
    <ClInclude Include="include\lexer_to_parser_stage.h">
      <Filter>Source Files\fe\pipeline</Filter>
    </ClInclude>
    <ClInclude Include="include\lowering_stage.h">
      <Filter>Source Files\fe\pipeline</Filter>
    </ClInclude>
    <ClInclude Include="include\parser_stage.h">
      <Filter>Source Files\fe\pipeline</Filter>
    </ClInclude>
    <ClInclude Include="include\cst_to_ast_stage.h">
      <Filter>Source Files\fe\pipeline</Filter>
    </ClInclude>
    <ClInclude Include="include\language_definition.h">
      <Filter>Source Files\fe</Filter>
    </ClInclude>
    <ClInclude Include="include\language_module.h">
      <Filter>Source Files\library\language</Filter>
    </ClInclude>
    <ClInclude Include="include\core_operations.h">
      <Filter>Source Files\library\core</Filter>
    </ClInclude>
    <ClInclude Include="include\std_types.h">
      <Filter>Source Files\library\std</Filter>
    </ClInclude>
    <ClInclude Include="include\reader.h">
      <Filter>Source Files\tools\files</Filter>
    </ClInclude>
    <ClInclude Include="include\pipeline.h">
      <Filter>Source Files\fe\pipeline</Filter>
    </ClInclude>
    <ClInclude Include="include\error.h">
      <Filter>Source Files\fe\pipeline</Filter>
    </ClInclude>
    <ClInclude Include="include\tests.h">
      <Filter>Source Files\tests</Filter>
    </ClInclude>
    <ClInclude Include="include\runtime_environment.h">
      <Filter>Source Files\fe\data</Filter>
    </ClInclude>
    <ClInclude Include="include\typecheck_environment.h">
      <Filter>Source Files\fe\data</Filter>
    </ClInclude>
    <ClInclude Include="include\test.h">
      <Filter>Source Files\tests</Filter>
    </ClInclude>
    <ClInclude Include="include\typecheck_env_tests.h">
      <Filter>Source Files\tests\fe\data</Filter>
    </ClInclude>
    <ClInclude Include="include\grammar_tests.h">
      <Filter>Source Files\tests\tools\parsing</Filter>
    </ClInclude>
    <ClInclude Include="include\tags.h">
      <Filter>Source Files\fe\data</Filter>
    </ClInclude>
    <ClInclude Include="include\perf_test.h">
      <Filter>Source Files\tests</Filter>
    </ClInclude>
  </ItemGroup>
  <ItemGroup>
    <Text Include="snippets\language_core.fe">
      <Filter>Resource Files</Filter>
    </Text>
    <Text Include="snippets\language_module.fe">
      <Filter>Resource Files</Filter>
    </Text>
    <Text Include="include\core_ast.txt">
      <Filter>Resource Files</Filter>
    </Text>
    <Text Include="snippets\notes.txt">
      <Filter>Resource Files</Filter>
    </Text>
  </ItemGroup>
</Project>