<?xml version="1.0" encoding="utf-8"?>
<Project ToolsVersion="4.0" xmlns="http://schemas.microsoft.com/developer/msbuild/2003">
  <ItemGroup>
    <Filter Include="Source Files">
      <UniqueIdentifier>{4FC737F1-C7A5-4376-A066-2A32D752A2FF}</UniqueIdentifier>
      <Extensions>cpp;c;cc;cxx;def;odl;idl;hpj;bat;asm;asmx</Extensions>
    </Filter>
    <Filter Include="Resource Files">
      <UniqueIdentifier>{67DA6AB6-F800-4c08-8B7A-83BB121AAD01}</UniqueIdentifier>
      <Extensions>rc;ico;cur;bmp;dlg;rc2;rct;bin;rgs;gif;jpg;jpeg;jpe;resx;tiff;tif;png;wav;mfcribbon-ms</Extensions>
    </Filter>
    <Filter Include="Source Files\codegen">
      <UniqueIdentifier>{28d1ee4c-d654-4a6e-a8e4-f40e85ea1887}</UniqueIdentifier>
    </Filter>
    <Filter Include="Source Files\parsing">
      <UniqueIdentifier>{201a128b-a669-4f6f-8bb8-dc3f1f7a921c}</UniqueIdentifier>
    </Filter>
    <Filter Include="Source Files\lexing">
      <UniqueIdentifier>{1f5f131c-f15b-4674-9733-58cafffbdacb}</UniqueIdentifier>
    </Filter>
  </ItemGroup>
  <ItemGroup>
    <None Include="snippets\example.fe">
      <Filter>Resource Files</Filter>
    </None>
    <None Include="snippets\test.fe">
      <Filter>Resource Files</Filter>
    </None>
  </ItemGroup>
  <ItemGroup>
    <ClCompile Include="src\main.cpp">
      <Filter>Source Files</Filter>
    </ClCompile>
    <ClCompile Include="src\bnf_parser.cpp">
      <Filter>Source Files\parsing</Filter>
    </ClCompile>
  </ItemGroup>
  <ItemGroup>
    <ClInclude Include="include\bnf_parser.h">
      <Filter>Source Files\parsing</Filter>
    </ClInclude>
    <ClInclude Include="include\ast.h">
      <Filter>Source Files\parsing</Filter>
    </ClInclude>
    <ClInclude Include="include\lexer.h">
      <Filter>Source Files\lexing</Filter>
    </ClInclude>
    <ClInclude Include="include\ebnf_parser.h">
      <Filter>Source Files\parsing</Filter>
    </ClInclude>
    <ClInclude Include="include\ebnfe_parser.h">
      <Filter>Source Files\parsing</Filter>
    </ClInclude>
    <ClInclude Include="include\language_parser.h">
      <Filter>Source Files\parsing</Filter>
    </ClInclude>
    <ClInclude Include="resource.h" />
  </ItemGroup>
  <ItemGroup>
    <Text Include="snippets\language.ebnfe">
      <Filter>Resource Files</Filter>
    </Text>
    <Text Include="snippets\identifier.ebnfe">
      <Filter>Resource Files</Filter>
    </Text>
    <Text Include="snippets\tiny.ebnfe">
      <Filter>Resource Files</Filter>
    </Text>
  </ItemGroup>
</Project>