<?xml version="1.0" encoding="utf-8"?>
<Project ToolsVersion="4.0" xmlns="http://schemas.microsoft.com/developer/msbuild/2003">
  <ItemGroup>
    <Filter Include="Source Files">
      <UniqueIdentifier>{4FC737F1-C7A5-4376-A066-2A32D752A2FF}</UniqueIdentifier>
      <Extensions>cpp;c;cc;cxx;def;odl;idl;hpj;bat;asm;asmx</Extensions>
    </Filter>
    <Filter Include="Common">
      <UniqueIdentifier>{d66efa2a-bc46-4a34-9bc1-6dfca1c42caf}</UniqueIdentifier>
    </Filter>
    <Filter Include="Common\fe">
      <UniqueIdentifier>{282fe18a-52cd-4fd9-8fed-ccc071ae58aa}</UniqueIdentifier>
    </Filter>
    <Filter Include="Common\fe\data">
      <UniqueIdentifier>{3e474d3a-19bd-4c9b-8473-1f290ccdd906}</UniqueIdentifier>
    </Filter>
  </ItemGroup>
  <ItemGroup>
    <ClCompile Include="src\vm_stage.cpp">
      <Filter>Source Files</Filter>
    </ClCompile>
    <ClCompile Include="src\main.cpp">
      <Filter>Source Files</Filter>
    </ClCompile>
    <ClCompile Include="src\bytecode_parser.cpp">
      <Filter>Source Files</Filter>
    </ClCompile>
    <ClCompile Include="..\common\fe\data\bytecode.cpp">
      <Filter>Common\fe\data</Filter>
    </ClCompile>
  </ItemGroup>
  <ItemGroup>
    <ClInclude Include="src\vm_stage.h">
      <Filter>Source Files</Filter>
    </ClInclude>
    <ClInclude Include="src\bytecode_parser.h">
      <Filter>Source Files</Filter>
    </ClInclude>
    <ClInclude Include="..\common\fe\data\bytecode.h">
      <Filter>Common\fe\data</Filter>
    </ClInclude>
  </ItemGroup>
  <ItemGroup>
    <MASM Include="src\vm.asm">
      <Filter>Source Files</Filter>
    </MASM>
  </ItemGroup>
</Project>