<?xml version="1.0" encoding="utf-8"?>
<Project ToolsVersion="4.0" xmlns="http://schemas.microsoft.com/developer/msbuild/2003">
  <ItemGroup>
    <Filter Include="Source Files">
      <UniqueIdentifier>{4FC737F1-C7A5-4376-A066-2A32D752A2FF}</UniqueIdentifier>
      <Extensions>cpp;c;cc;cxx;def;odl;idl;hpj;bat;asm;asmx</Extensions>
    </Filter>
    <Filter Include="Resource Files">
      <UniqueIdentifier>{67DA6AB6-F800-4c08-8B7A-83BB121AAD01}</UniqueIdentifier>
      <Extensions>rc;ico;cur;bmp;dlg;rc2;rct;bin;rgs;gif;jpg;jpeg;jpe;resx;tiff;tif;png;wav;mfcribbon-ms</Extensions>
    </Filter>
    <Filter Include="Source Files\fe">
      <UniqueIdentifier>{201a128b-a669-4f6f-8bb8-dc3f1f7a921c}</UniqueIdentifier>
    </Filter>
    <Filter Include="Source Files\fe\data">
      <UniqueIdentifier>{4daa90e2-78bc-4f8f-8bac-378becc88020}</UniqueIdentifier>
    </Filter>
    <Filter Include="Source Files\fe\pipeline">
      <UniqueIdentifier>{8aacbe17-1c1f-4b03-a529-fe01fa3e41cd}</UniqueIdentifier>
    </Filter>
    <Filter Include="Source Files\tests">
      <UniqueIdentifier>{0c93d3ae-ca03-48db-a348-b87fc31b6c6a}</UniqueIdentifier>
    </Filter>
    <Filter Include="Source Files\tests\fe">
      <UniqueIdentifier>{4e95b8f4-7cf0-4a8e-bd9e-eaa05ca6722d}</UniqueIdentifier>
    </Filter>
    <Filter Include="Source Files\fe\modes">
      <UniqueIdentifier>{20b41d34-941f-405b-8bbf-af897becab04}</UniqueIdentifier>
    </Filter>
    <Filter Include="Source Files\utils">
      <UniqueIdentifier>{0160b383-9719-4722-a120-3d409021331a}</UniqueIdentifier>
    </Filter>
    <Filter Include="Source Files\utils\lexing">
      <UniqueIdentifier>{1f5f131c-f15b-4674-9733-58cafffbdacb}</UniqueIdentifier>
    </Filter>
    <Filter Include="Source Files\utils\parsing">
      <UniqueIdentifier>{3fe32d4b-5211-4950-9e6e-2b0881877c31}</UniqueIdentifier>
    </Filter>
    <Filter Include="Source Files\utils\reading">
      <UniqueIdentifier>{1a9e7d7d-b9d0-4009-9ed9-d8cb993fdfee}</UniqueIdentifier>
    </Filter>
    <Filter Include="Source Files\fe\libraries">
      <UniqueIdentifier>{b6786af6-755c-4594-9866-730840718fef}</UniqueIdentifier>
    </Filter>
    <Filter Include="Source Files\fe\libraries\std">
      <UniqueIdentifier>{12f383be-618f-4276-9927-7c0765a055ef}</UniqueIdentifier>
    </Filter>
    <Filter Include="Source Files\fe\libraries\language">
      <UniqueIdentifier>{09b0ec37-1ac6-44ad-979b-d7325c3f8c20}</UniqueIdentifier>
    </Filter>
    <Filter Include="Resource Files\snippets">
      <UniqueIdentifier>{9e9feb0e-a547-4a57-bd90-2ebc58caa34c}</UniqueIdentifier>
    </Filter>
    <Filter Include="Resource Files\snippets\tests">
      <UniqueIdentifier>{b6678e23-e356-44a0-aa4a-2e46664a4d4f}</UniqueIdentifier>
    </Filter>
    <Filter Include="Resource Files\snippets\euler">
      <UniqueIdentifier>{699e989c-a665-428a-8642-f3f52811a282}</UniqueIdentifier>
    </Filter>
    <Filter Include="Resource Files\snippets\syntax">
      <UniqueIdentifier>{d2eed966-3785-41d1-aa0f-06b991095d00}</UniqueIdentifier>
    </Filter>
    <Filter Include="Source Files\tests\utils">
      <UniqueIdentifier>{297b88f1-c9a8-442d-8052-a15ae1a0b2ec}</UniqueIdentifier>
    </Filter>
    <Filter Include="Source Files\utils\memory">
      <UniqueIdentifier>{4b51711a-aed5-4cd1-a967-fa1aea409830}</UniqueIdentifier>
    </Filter>
    <Filter Include="Source Files\utils\algorithms">
      <UniqueIdentifier>{ee24a8fa-f4b4-4157-8121-1f95d39139a9}</UniqueIdentifier>
    </Filter>
    <Filter Include="Source Files\tests\utils\memory">
      <UniqueIdentifier>{e1e60ca3-9c26-450f-b419-d2a90ddd2bd6}</UniqueIdentifier>
    </Filter>
  </ItemGroup>
  <ItemGroup>
    <None Include="snippets\euler\euler1.fe">
      <Filter>Resource Files\snippets\euler</Filter>
    </None>
    <None Include="snippets\euler\euler2.fe">
      <Filter>Resource Files\snippets\euler</Filter>
    </None>
    <None Include="snippets\euler\euler3.fe">
      <Filter>Resource Files\snippets\euler</Filter>
    </None>
    <None Include="snippets\syntax\statements.fe">
      <Filter>Resource Files\snippets\syntax</Filter>
    </None>
    <None Include="snippets\tests\performance_empty.fe">
      <Filter>Resource Files\snippets\tests</Filter>
    </None>
    <None Include="snippets\tests\fib.fe">
      <Filter>Resource Files\snippets\tests</Filter>
    </None>
  </ItemGroup>
  <ItemGroup>
    <ClCompile Include="src\main.cpp">
      <Filter>Source Files</Filter>
    </ClCompile>
    <ClCompile Include="src\fe\data\types.cpp">
      <Filter>Source Files\fe\data</Filter>
    </ClCompile>
    <ClCompile Include="src\fe\pipeline\resolution_stage.cpp">
      <Filter>Source Files\fe\pipeline</Filter>
    </ClCompile>
    <ClCompile Include="src\fe\pipeline\typechecker_stage.cpp">
      <Filter>Source Files\fe\pipeline</Filter>
    </ClCompile>
    <ClCompile Include="src\tests\fe\name_resolution_tests.cpp">
      <Filter>Source Files\tests\fe</Filter>
    </ClCompile>
    <ClCompile Include="src\fe\language_definition.cpp">
      <Filter>Source Files\fe</Filter>
    </ClCompile>
    <ClCompile Include="src\fe\pipeline\parser_stage.cpp">
      <Filter>Source Files\fe\pipeline</Filter>
    </ClCompile>
    <ClCompile Include="src\fe\pipeline\lowering_stage.cpp">
      <Filter>Source Files\fe\pipeline</Filter>
    </ClCompile>
    <ClCompile Include="src\fe\data\name_scope.cpp">
      <Filter>Source Files\fe\data</Filter>
    </ClCompile>
    <ClCompile Include="src\fe\data\type_scope.cpp">
      <Filter>Source Files\fe\data</Filter>
    </ClCompile>
    <ClCompile Include="src\utils\reading\reader.cpp">
      <Filter>Source Files\utils\reading</Filter>
    </ClCompile>
    <ClCompile Include="src\tests\utils\performance_tests.cpp">
      <Filter>Source Files\tests\utils</Filter>
    </ClCompile>
    <ClCompile Include="src\tests\fe\typechecking_tests.cpp">
      <Filter>Source Files\tests\fe</Filter>
    </ClCompile>
    <ClCompile Include="src\utils\parsing\recursive_descent_parser.cpp">
      <Filter>Source Files\utils\parsing</Filter>
    </ClCompile>
    <ClCompile Include="src\utils\memory\small_vec_tests.cpp">
      <Filter>Source Files\tests\utils\memory</Filter>
    </ClCompile>
    <ClCompile Include="src\fe\data\bytecode.cpp">
      <Filter>Source Files\fe\data</Filter>
    </ClCompile>
    <ClCompile Include="src\fe\pipeline\vm_stage.cpp">
      <Filter>Source Files\fe\pipeline</Filter>
    </ClCompile>
    <ClCompile Include="src\tests\fe\bytecode_tests.cpp">
      <Filter>Source Files\tests\fe</Filter>
    </ClCompile>
    <ClCompile Include="src\fe\pipeline\bytecode_gen_stage.cpp">
      <Filter>Source Files\fe\pipeline</Filter>
    </ClCompile>
    <ClCompile Include="src\tests\fe\literal_inference_tests.cpp">
      <Filter>Source Files\tests\fe</Filter>
    </ClCompile>
    <ClCompile Include="src\tests\fe\comparison_tests.cpp">
      <Filter>Source Files\tests\fe</Filter>
    </ClCompile>
    <ClCompile Include="src\tests\fe\destructuring_tests.cpp">
      <Filter>Source Files\tests\fe</Filter>
    </ClCompile>
    <ClCompile Include="src\tests\fe\bytecode_gen_tests.cpp">
      <Filter>Source Files\tests\fe</Filter>
    </ClCompile>
    <ClCompile Include="src\fe\pipeline\linker_stage.cpp">
      <Filter>Source Files\fe\pipeline</Filter>
    </ClCompile>
    <ClCompile Include="src\fe\data\ext_ast.cpp">
      <Filter>Source Files\fe\data</Filter>
    </ClCompile>
    <ClCompile Include="src\fe\data\core_ast.cpp">
      <Filter>Source Files\fe\data</Filter>
    </ClCompile>
  </ItemGroup>
  <ItemGroup>
    <ClInclude Include="include\fe\data\core_ast.h">
      <Filter>Source Files\fe\data</Filter>
    </ClInclude>
    <ClInclude Include="include\fe\data\types.h">
      <Filter>Source Files\fe\data</Filter>
    </ClInclude>
    <ClInclude Include="include\fe\modes\project.h">
      <Filter>Source Files\fe\modes</Filter>
    </ClInclude>
    <ClInclude Include="include\fe\modes\repl.h">
      <Filter>Source Files\fe\modes</Filter>
    </ClInclude>
    <ClInclude Include="include\fe\pipeline\error.h">
      <Filter>Source Files\fe\pipeline</Filter>
    </ClInclude>
    <ClInclude Include="include\fe\pipeline\lexer_stage.h">
      <Filter>Source Files\fe\pipeline</Filter>
    </ClInclude>
    <ClInclude Include="include\fe\pipeline\lowering_stage.h">
      <Filter>Source Files\fe\pipeline</Filter>
    </ClInclude>
    <ClInclude Include="include\fe\pipeline\parser_stage.h">
      <Filter>Source Files\fe\pipeline</Filter>
    </ClInclude>
    <ClInclude Include="include\fe\pipeline\pipeline.h">
      <Filter>Source Files\fe\pipeline</Filter>
    </ClInclude>
    <ClInclude Include="include\fe\language_definition.h">
      <Filter>Source Files\fe</Filter>
    </ClInclude>
    <ClInclude Include="include\fe\libraries\std\std_ui.h">
      <Filter>Source Files\fe\libraries\std</Filter>
    </ClInclude>
    <ClInclude Include="include\fe\libraries\std\std_types.h">
      <Filter>Source Files\fe\libraries\std</Filter>
    </ClInclude>
    <ClInclude Include="include\utils\lexing\lexer.h">
      <Filter>Source Files\utils\lexing</Filter>
    </ClInclude>
    <ClInclude Include="include\utils\reading\reader.h">
      <Filter>Source Files\utils\reading</Filter>
    </ClInclude>
    <ClInclude Include="include\fe\pipeline\resolution_stage.h">
      <Filter>Source Files\fe\pipeline</Filter>
    </ClInclude>
    <ClInclude Include="include\fe\pipeline\typechecker_stage.h">
      <Filter>Source Files\fe\pipeline</Filter>
    </ClInclude>
    <ClInclude Include="include\fe\data\type_scope.h">
      <Filter>Source Files\fe\data</Filter>
    </ClInclude>
    <ClInclude Include="include\fe\data\name_scope.h">
      <Filter>Source Files\fe\data</Filter>
    </ClInclude>
    <ClInclude Include="include\fe\data\ext_ast.h">
      <Filter>Source Files\fe\data</Filter>
    </ClInclude>
    <ClInclude Include="include\tests\test_utils.h">
      <Filter>Source Files\tests</Filter>
    </ClInclude>
    <ClInclude Include="include\utils\memory\data_store.h">
      <Filter>Source Files\utils\memory</Filter>
    </ClInclude>
    <ClInclude Include="include\fe\data\ast_data.h">
      <Filter>Source Files\fe\data</Filter>
    </ClInclude>
    <ClInclude Include="include\utils\algorithms\tree_traversal.h">
      <Filter>Source Files\utils\algorithms</Filter>
    </ClInclude>
    <ClInclude Include="include\utils\parsing\recursive_descent_parser.h">
      <Filter>Source Files\utils\parsing</Filter>
    </ClInclude>
    <ClInclude Include="include\utils\memory\pipe.h">
      <Filter>Source Files\utils\memory</Filter>
    </ClInclude>
    <ClInclude Include="include\utils\memory\small_vector.h">
      <Filter>Source Files\utils\memory</Filter>
    </ClInclude>
    <ClInclude Include="include\fe\data\constants_store.h">
      <Filter>Source Files\fe\data</Filter>
    </ClInclude>
    <ClInclude Include="include\fe\data\module.h">
      <Filter>Source Files\fe\data</Filter>
    </ClInclude>
    <ClInclude Include="include\fe\libraries\std\std_io.h">
      <Filter>Source Files\fe\libraries\std</Filter>
    </ClInclude>
    <ClInclude Include="include\fe\data\bytecode.h">
      <Filter>Source Files\fe\data</Filter>
    </ClInclude>
    <ClInclude Include="include\fe\pipeline\bytecode_gen_stage.h">
      <Filter>Source Files\fe\pipeline</Filter>
    </ClInclude>
    <ClInclude Include="include\fe\pipeline\vm_stage.h">
      <Filter>Source Files\fe\pipeline</Filter>
    </ClInclude>
    <ClInclude Include="include\fe\pipeline\linker_stage.h">
      <Filter>Source Files\fe\pipeline</Filter>
    </ClInclude>
    <ClInclude Include="include\fe\libraries\std\std_assert.h">
      <Filter>Source Files\fe\libraries\std</Filter>
    </ClInclude>
  </ItemGroup>
</Project>